
Microsoft Visual Studio Solution File, Format Version 12.00
# Visual Studio Version 17
VisualStudioVersion = 17.7.34221.43
MinimumVisualStudioVersion = 10.0.40219.1
Project("{FAE04EC0-301F-11D3-BF4B-00C04F79EFBC}") = "Lesson", "Lesson\Lesson.csproj", "{1EA49412-BAE7-48DF-A72D-DE4626AF7058}"
EndProject
Global
	GlobalSection(SolutionConfigurationPlatforms) = preSolution
		Debug|Any CPU = Debug|Any CPU
		Release|Any CPU = Release|Any CPU
	EndGlobalSection
	GlobalSection(ProjectConfigurationPlatforms) = postSolution
		{1EA49412-BAE7-48DF-A72D-DE4626AF7058}.Debug|Any CPU.ActiveCfg = Debug|Any CPU
		{1EA49412-BAE7-48DF-A72D-DE4626AF7058}.Debug|Any CPU.Build.0 = Debug|Any CPU
		{1EA49412-BAE7-48DF-A72D-DE4626AF7058}.Release|Any CPU.ActiveCfg = Release|Any CPU
		{1EA49412-BAE7-48DF-A72D-DE4626AF7058}.Release|Any CPU.Build.0 = Release|Any CPU
	EndGlobalSection
	GlobalSection(SolutionProperties) = preSolution
		HideSolutionNode = FALSE
	EndGlobalSection
	GlobalSection(ExtensibilityGlobals) = postSolution
		SolutionGuid = {C3E5854A-4AA1-4DA4-9BE2-B538A2CBC357}
	EndGlobalSection
EndGlobal
